{
  "version": "2",
  "remote": {
    "https://cdn.skypack.dev/-/ky@v0.32.2-SWJAgiZ22aZGCqM8ga9C/dist=es2019,mode=imports/optimized/ky.js": "5c7eab41c8badbb1b16eb72590ab984d5aac78ca16b201ae43b11a9380b2e801",
    "https://cdn.skypack.dev/-/ky@v0.32.2-SWJAgiZ22aZGCqM8ga9C/dist=es2019,mode=types/distribution/core/constants.d.ts": "9c23fb2acd5ed818c950c6802b22cafde46f1cd6217898ca4f0f726558576f48",
    "https://cdn.skypack.dev/-/ky@v0.32.2-SWJAgiZ22aZGCqM8ga9C/dist=es2019,mode=types/distribution/errors/HTTPError.d.ts": "bec5524c0d8addd2e4d678b14434976fad37b83bacffa3ae65d14afe71a76e83",
    "https://cdn.skypack.dev/-/ky@v0.32.2-SWJAgiZ22aZGCqM8ga9C/dist=es2019,mode=types/distribution/errors/TimeoutError.d.ts": "162f748e98203b829d8505f499c99ee0fc2200c11f3743d0e7124e7bf8ca253c",
    "https://cdn.skypack.dev/-/ky@v0.32.2-SWJAgiZ22aZGCqM8ga9C/dist=es2019,mode=types/distribution/index.d.ts": "0831a6c6e34603bbb7a09b1bbef5cbe3ad0ac46e62e44a0e63fcbfdeaae2a77c",
    "https://cdn.skypack.dev/-/ky@v0.32.2-SWJAgiZ22aZGCqM8ga9C/dist=es2019,mode=types/distribution/types/ResponsePromise.d.ts": "b038f6f19c25ffb29ef3d8a89dc78fb69a03fdf7438e4b14e45ec5390b2039bc",
    "https://cdn.skypack.dev/-/ky@v0.32.2-SWJAgiZ22aZGCqM8ga9C/dist=es2019,mode=types/distribution/types/common.d.ts": "01aca8bf8316670af7fe1b36d031370d05598f9106aa9df224d293a11d76a90a",
    "https://cdn.skypack.dev/-/ky@v0.32.2-SWJAgiZ22aZGCqM8ga9C/dist=es2019,mode=types/distribution/types/hooks.d.ts": "05892691b1a3bfd60fa069a34a828fa1711338fba26f0ce9ddd600d708bd5ea0",
    "https://cdn.skypack.dev/-/ky@v0.32.2-SWJAgiZ22aZGCqM8ga9C/dist=es2019,mode=types/distribution/types/ky.d.ts": "e2d296326628fde655ead9f8dd32c87ecc32b84f11511e7b4b7c3a778ba63d5a",
    "https://cdn.skypack.dev/-/ky@v0.32.2-SWJAgiZ22aZGCqM8ga9C/dist=es2019,mode=types/distribution/types/options.d.ts": "b1ecb5858bff801eb006baaa81720b3ffe2ddecf9228834b3b72bd07c91c0b80",
    "https://cdn.skypack.dev/-/ky@v0.32.2-SWJAgiZ22aZGCqM8ga9C/dist=es2019,mode=types/distribution/types/response.d.ts": "fd7cdcf4a60ac72826774dddc27878b62ab87f74e574dfaa6a8818458f0f505d",
    "https://cdn.skypack.dev/-/ky@v0.32.2-SWJAgiZ22aZGCqM8ga9C/dist=es2019,mode=types/distribution/types/retry.d.ts": "989dea106b65de9cec5ea6fd0fbc64e2440b3b548349ff5a25b3e95b1271eeaf",
    "https://cdn.skypack.dev/ky?dts": "bbc2fb0d2541555c95684b43afcf85ecae53fc55499020a372834ed2e37d074a",
    "https://deno.land/std@0.101.0/_util/assert.ts": "2f868145a042a11d5ad0a3c748dcf580add8a0dbc0e876eaa0026303a5488f58",
    "https://deno.land/std@0.101.0/bytes/bytes_list.ts": "a13287edb03f19d27ba4927dec6d6de3e5bd46254cd4aee6f7e5815810122673",
    "https://deno.land/std@0.101.0/bytes/mod.ts": "1ae1ccfe98c4b979f12b015982c7444f81fcb921bea7aa215bf37d84f46e1e13",
    "https://deno.land/std@0.101.0/fmt/colors.ts": "d2f8355f00a74404668fc5a1e4a92983ce1a9b0a6ac1d40efbd681cb8f519586",
    "https://deno.land/std@0.101.0/io/buffer.ts": "3ead6bb11276ebcf093c403f74f67fd2205a515dbbb9061862c468ca56f37cd8",
    "https://deno.land/std@0.101.0/io/bufio.ts": "6024117aa37f8d21a116654bd5ca5191d803f6492bbc744e3cee5054d0e900d1",
    "https://deno.land/std@0.101.0/io/ioutil.ts": "3c6b7c8be3b8cd19746de028c40063193578612244a935dcc27be9f3ff343b0c",
    "https://deno.land/std@0.101.0/io/mod.ts": "ae04a3f647845dd8ce0a523c208f80636d0640d9e5c730f0e6272cf86c1c0855",
    "https://deno.land/std@0.101.0/io/readers.ts": "17403919724fef2f343c88555606368868a5c752a1099ad801f6a381c170f62d",
    "https://deno.land/std@0.101.0/io/streams.ts": "49e487fdf14b3df109d3cc8e85cc64eb4b350e8a6c76e534b2fd0d47bd374341",
    "https://deno.land/std@0.101.0/io/types.d.ts": "89a27569399d380246ca7cdd9e14d5e68459f11fb6110790cc5ecbd4ee7f3215",
    "https://deno.land/std@0.101.0/io/util.ts": "2dc42adca801a8d2be9074cebd3be9b693667e07e0edb545fcab906b27514149",
    "https://deno.land/std@0.101.0/io/writers.ts": "5453864be11da42dc91f19eb14c0a0e27e9e7f21f5c7174f5419921a6ab64fda",
    "https://deno.land/std@0.101.0/testing/_diff.ts": "a214632660e819a099f3ce719770031a69ba165853f930b90b44d7317a05585b",
    "https://deno.land/std@0.101.0/testing/asserts.ts": "40740a6a16efd07e052cac8280a8c7c445a81131f00a2bd5d8c3e851dfa2ef90",
    "https://deno.land/std@0.111.0/_util/assert.ts": "2f868145a042a11d5ad0a3c748dcf580add8a0dbc0e876eaa0026303a5488f58",
    "https://deno.land/std@0.111.0/_util/os.ts": "dfb186cc4e968c770ab6cc3288bd65f4871be03b93beecae57d657232ecffcac",
    "https://deno.land/std@0.111.0/bytes/bytes_list.ts": "3bff6a09c72b2e0b1e92e29bd3b135053894196cca07a2bba842901073efe5cb",
    "https://deno.land/std@0.111.0/bytes/equals.ts": "69f55fdbd45c71f920c1a621e6c0865dc780cd8ae34e0f5e55a9497b70c31c1b",
    "https://deno.land/std@0.111.0/bytes/mod.ts": "fedb80b8da2e7ad8dd251148e65f92a04c73d6c5a430b7d197dc39588c8dda6f",
    "https://deno.land/std@0.111.0/fmt/colors.ts": "8368ddf2d48dfe413ffd04cdbb7ae6a1009cf0dccc9c7ff1d76259d9c61a0621",
    "https://deno.land/std@0.111.0/fs/_util.ts": "f2ce811350236ea8c28450ed822a5f42a0892316515b1cd61321dec13569c56b",
    "https://deno.land/std@0.111.0/fs/ensure_dir.ts": "b7c103dc41a3d1dbbb522bf183c519c37065fdc234831a4a0f7d671b1ed5fea7",
    "https://deno.land/std@0.111.0/hash/sha256.ts": "bd85257c68d1fdd9da8457284c4fbb04efa9f4f2229b5f41a638d5b71a3a8d5c",
    "https://deno.land/std@0.111.0/io/buffer.ts": "fdf93ba9e5d20ff3369e2c42443efd89131f8a73066f7f59c033cc588a0e2cfe",
    "https://deno.land/std@0.111.0/io/types.d.ts": "89a27569399d380246ca7cdd9e14d5e68459f11fb6110790cc5ecbd4ee7f3215",
    "https://deno.land/std@0.111.0/path/_constants.ts": "1247fee4a79b70c89f23499691ef169b41b6ccf01887a0abd131009c5581b853",
    "https://deno.land/std@0.111.0/path/_interface.ts": "1fa73b02aaa24867e481a48492b44f2598cd9dfa513c7b34001437007d3642e4",
    "https://deno.land/std@0.111.0/path/_util.ts": "2e06a3b9e79beaf62687196bd4b60a4c391d862cfa007a20fc3a39f778ba073b",
    "https://deno.land/std@0.111.0/path/common.ts": "f41a38a0719a1e85aa11c6ba3bea5e37c15dd009d705bd8873f94c833568cbc4",
    "https://deno.land/std@0.111.0/path/glob.ts": "ea87985765b977cc284b92771003b2070c440e0807c90e1eb0ff3e095911a820",
    "https://deno.land/std@0.111.0/path/mod.ts": "4465dc494f271b02569edbb4a18d727063b5dbd6ed84283ff906260970a15d12",
    "https://deno.land/std@0.111.0/path/posix.ts": "34349174b9cd121625a2810837a82dd8b986bbaaad5ade690d1de75bbb4555b2",
    "https://deno.land/std@0.111.0/path/separator.ts": "8fdcf289b1b76fd726a508f57d3370ca029ae6976fcde5044007f062e643ff1c",
    "https://deno.land/std@0.111.0/path/win32.ts": "11549e8c6df8307a8efcfa47ad7b2a75da743eac7d4c89c9723a944661c8bd2e",
    "https://deno.land/std@0.111.0/streams/conversion.ts": "fe0059ed9d3c53eda4ba44eb71a6a9acb98c5fdb5ba1b6c6ab28004724c7641b",
    "https://deno.land/std@0.130.0/_util/assert.ts": "e94f2eb37cebd7f199952e242c77654e43333c1ac4c5c700e929ea3aa5489f74",
    "https://deno.land/std@0.130.0/_util/os.ts": "49b92edea1e82ba295ec946de8ffd956ed123e2948d9bd1d3e901b04e4307617",
    "https://deno.land/std@0.130.0/path/_constants.ts": "df1db3ffa6dd6d1252cc9617e5d72165cd2483df90e93833e13580687b6083c3",
    "https://deno.land/std@0.130.0/path/_interface.ts": "ee3b431a336b80cf445441109d089b70d87d5e248f4f90ff906820889ecf8d09",
    "https://deno.land/std@0.130.0/path/_util.ts": "c1e9686d0164e29f7d880b2158971d805b6e0efc3110d0b3e24e4b8af2190d2b",
    "https://deno.land/std@0.130.0/path/common.ts": "bee563630abd2d97f99d83c96c2fa0cca7cee103e8cb4e7699ec4d5db7bd2633",
    "https://deno.land/std@0.130.0/path/glob.ts": "cb5255638de1048973c3e69e420c77dc04f75755524cb3b2e160fe9277d939ee",
    "https://deno.land/std@0.130.0/path/mod.ts": "4275129bb766f0e475ecc5246aa35689eeade419d72a48355203f31802640be7",
    "https://deno.land/std@0.130.0/path/posix.ts": "663e4a6fe30a145f56aa41a22d95114c4c5582d8b57d2d7c9ed27ad2c47636bb",
    "https://deno.land/std@0.130.0/path/separator.ts": "fe1816cb765a8068afb3e8f13ad272351c85cbc739af56dacfc7d93d710fe0f9",
    "https://deno.land/std@0.130.0/path/win32.ts": "e7bdf63e8d9982b4d8a01ef5689425c93310ece950e517476e22af10f41a136e",
    "https://deno.land/std@0.140.0/_util/assert.ts": "e94f2eb37cebd7f199952e242c77654e43333c1ac4c5c700e929ea3aa5489f74",
    "https://deno.land/std@0.140.0/_util/os.ts": "3b4c6e27febd119d36a416d7a97bd3b0251b77c88942c8f16ee5953ea13e2e49",
    "https://deno.land/std@0.140.0/fs/_util.ts": "0fb24eb4bfebc2c194fb1afdb42b9c3dda12e368f43e8f2321f84fc77d42cb0f",
    "https://deno.land/std@0.140.0/fs/ensure_dir.ts": "9dc109c27df4098b9fc12d949612ae5c9c7169507660dcf9ad90631833209d9d",
    "https://deno.land/std@0.140.0/fs/expand_glob.ts": "0c10130d67c9b02164b03df8e43c6d6defbf8e395cb69d09e84a8586e6d72ac3",
    "https://deno.land/std@0.140.0/fs/walk.ts": "117403ccd21fd322febe56ba06053b1ad5064c802170f19b1ea43214088fe95f",
    "https://deno.land/std@0.140.0/path/_constants.ts": "df1db3ffa6dd6d1252cc9617e5d72165cd2483df90e93833e13580687b6083c3",
    "https://deno.land/std@0.140.0/path/_interface.ts": "ee3b431a336b80cf445441109d089b70d87d5e248f4f90ff906820889ecf8d09",
    "https://deno.land/std@0.140.0/path/_util.ts": "c1e9686d0164e29f7d880b2158971d805b6e0efc3110d0b3e24e4b8af2190d2b",
    "https://deno.land/std@0.140.0/path/common.ts": "bee563630abd2d97f99d83c96c2fa0cca7cee103e8cb4e7699ec4d5db7bd2633",
    "https://deno.land/std@0.140.0/path/glob.ts": "cb5255638de1048973c3e69e420c77dc04f75755524cb3b2e160fe9277d939ee",
    "https://deno.land/std@0.140.0/path/mod.ts": "d3e68d0abb393fb0bf94a6d07c46ec31dc755b544b13144dee931d8d5f06a52d",
    "https://deno.land/std@0.140.0/path/posix.ts": "293cdaec3ecccec0a9cc2b534302dfe308adb6f10861fa183275d6695faace44",
    "https://deno.land/std@0.140.0/path/separator.ts": "fe1816cb765a8068afb3e8f13ad272351c85cbc739af56dacfc7d93d710fe0f9",
    "https://deno.land/std@0.140.0/path/win32.ts": "31811536855e19ba37a999cd8d1b62078235548d67902ece4aa6b814596dd757",
    "https://deno.land/std@0.143.0/_util/assert.ts": "e94f2eb37cebd7f199952e242c77654e43333c1ac4c5c700e929ea3aa5489f74",
    "https://deno.land/std@0.143.0/_util/os.ts": "3b4c6e27febd119d36a416d7a97bd3b0251b77c88942c8f16ee5953ea13e2e49",
    "https://deno.land/std@0.143.0/fmt/colors.ts": "30455035d6d728394781c10755351742dd731e3db6771b1843f9b9e490104d37",
    "https://deno.land/std@0.143.0/fs/empty_dir.ts": "7274d87160de34cbed0531e284df383045cf43543bbeadeb97feac598bd8f3c5",
    "https://deno.land/std@0.143.0/fs/expand_glob.ts": "0c10130d67c9b02164b03df8e43c6d6defbf8e395cb69d09e84a8586e6d72ac3",
    "https://deno.land/std@0.143.0/fs/walk.ts": "117403ccd21fd322febe56ba06053b1ad5064c802170f19b1ea43214088fe95f",
    "https://deno.land/std@0.143.0/path/_constants.ts": "df1db3ffa6dd6d1252cc9617e5d72165cd2483df90e93833e13580687b6083c3",
    "https://deno.land/std@0.143.0/path/_interface.ts": "ee3b431a336b80cf445441109d089b70d87d5e248f4f90ff906820889ecf8d09",
    "https://deno.land/std@0.143.0/path/_util.ts": "c1e9686d0164e29f7d880b2158971d805b6e0efc3110d0b3e24e4b8af2190d2b",
    "https://deno.land/std@0.143.0/path/common.ts": "bee563630abd2d97f99d83c96c2fa0cca7cee103e8cb4e7699ec4d5db7bd2633",
    "https://deno.land/std@0.143.0/path/glob.ts": "cb5255638de1048973c3e69e420c77dc04f75755524cb3b2e160fe9277d939ee",
    "https://deno.land/std@0.143.0/path/mod.ts": "d3e68d0abb393fb0bf94a6d07c46ec31dc755b544b13144dee931d8d5f06a52d",
    "https://deno.land/std@0.143.0/path/posix.ts": "293cdaec3ecccec0a9cc2b534302dfe308adb6f10861fa183275d6695faace44",
    "https://deno.land/std@0.143.0/path/separator.ts": "fe1816cb765a8068afb3e8f13ad272351c85cbc739af56dacfc7d93d710fe0f9",
    "https://deno.land/std@0.143.0/path/win32.ts": "31811536855e19ba37a999cd8d1b62078235548d67902ece4aa6b814596dd757",
    "https://deno.land/std@0.144.0/_util/assert.ts": "e94f2eb37cebd7f199952e242c77654e43333c1ac4c5c700e929ea3aa5489f74",
    "https://deno.land/std@0.144.0/bytes/equals.ts": "3c3558c3ae85526f84510aa2b48ab2ad7bdd899e2e0f5b7a8ffc85acb3a6043a",
    "https://deno.land/std@0.144.0/bytes/mod.ts": "763f97d33051cc3f28af1a688dfe2830841192a9fea0cbaa55f927b49d49d0bf",
    "https://deno.land/std@0.144.0/uuid/_common.ts": "76e1fdfb03aecf733f7b3a5edc900f5734f2433b359fdb1535f8de72873bdb3f",
    "https://deno.land/std@0.144.0/uuid/mod.ts": "7b5d5142fb15dd8ca96561c29d92ba8e7158dcc8c2742cf410ace17004385eac",
    "https://deno.land/std@0.144.0/uuid/v1.ts": "7123410ef9ce980a4f2e54a586ccde5ed7063f6f119a70d86eebd92f8e100295",
    "https://deno.land/std@0.144.0/uuid/v4.ts": "1f16be927bcca5cafb2408f3b2f205c2a4e54c58f56775770e2d3d20dfb21f70",
    "https://deno.land/std@0.144.0/uuid/v5.ts": "1cf2d86112afe0d5d291fbfc3b9729f3cf8524c4eb7d613011d029e45d6194f6",
    "https://deno.land/std@0.161.0/uuid/_common.ts": "b608b98503c701d96ddf6983a40fa424952e1ea6d4b13bf13ebe29530742cee4",
    "https://deno.land/std@0.161.0/uuid/v1.ts": "7123410ef9ce980a4f2e54a586ccde5ed7063f6f119a70d86eebd92f8e100295",
    "https://deno.land/std@0.165.0/fmt/colors.ts": "9e36a716611dcd2e4865adea9c4bec916b5c60caad4cdcdc630d4974e6bb8bd4",
    "https://deno.land/std@0.165.0/testing/_diff.ts": "a23e7fc2b4d8daa3e158fa06856bedf5334ce2a2831e8bf9e509717f455adb2c",
    "https://deno.land/std@0.165.0/testing/_format.ts": "cd11136e1797791045e639e9f0f4640d5b4166148796cad37e6ef75f7d7f3832",
    "https://deno.land/std@0.165.0/testing/asserts.ts": "1e340c589853e82e0807629ba31a43c84ebdcdeca910c4a9705715dfdb0f5ce8",
    "https://deno.land/x/add_params@v1.2.0/mod.ts": "22555d8c8787c0de59b29b9995e8f8e2b8cd822349cf456d0c238c3203ffa33a",
    "https://deno.land/x/code_block_writer@11.0.0/comment_char.ts": "22b66890bbdf7a2d59777ffd8231710c1fda1c11fadada67632a596937a1a314",
    "https://deno.land/x/code_block_writer@11.0.0/mod.ts": "dc43d56c3487bae02886a09754fb09c607da4ea866817e80f3e60632f3391d70",
    "https://deno.land/x/code_block_writer@11.0.0/utils/string_utils.ts": "60cb4ec8bd335bf241ef785ccec51e809d576ff8e8d29da43d2273b69ce2a6ff",
    "https://deno.land/x/deno_cache@0.2.1/auth_tokens.ts": "01b94d25abd974153a3111653998b9a43c66d84a0e4b362fc5f4bbbf40a6e0f7",
    "https://deno.land/x/deno_cache@0.2.1/cache.ts": "67e301c20161546fea45405316314f4c3d85cc7a367b2fb72042903f308f55b7",
    "https://deno.land/x/deno_cache@0.2.1/deno_dir.ts": "e4dc68da5641aa337bcc06fb1df28fcb086b366dcbea7d8aaed7ac7c853fedb1",
    "https://deno.land/x/deno_cache@0.2.1/deps.ts": "2ebaba0ad86fff8b9027c6afd4c3909a17cd8bf8c9e263151c980c15c56a18ee",
    "https://deno.land/x/deno_cache@0.2.1/dirs.ts": "e07003fabed7112375d4a50040297aae768f9d06bb6c2655ca46880653b576b4",
    "https://deno.land/x/deno_cache@0.2.1/disk_cache.ts": "d7a361f0683a032bcca28513a7bbedc28c77cfcc6719e6f6cea156c0ff1108df",
    "https://deno.land/x/deno_cache@0.2.1/file_fetcher.ts": "352702994c190c45215f3b8086621e117e88bc2174b020faefb5eca653d71d6a",
    "https://deno.land/x/deno_cache@0.2.1/http_cache.ts": "af1500149496e2d0acadec24569e2a9c86a3f600cceef045dcf6f5ce8de72b3a",
    "https://deno.land/x/deno_cache@0.2.1/mod.ts": "709ab9d1068be5fd77b020b33e7a9394f1e9b453553b1e2336b72c90283cf3c0",
    "https://deno.land/x/deno_cache@0.2.1/util.ts": "652479928551259731686686ff2df6f26bc04e8e4d311137b2bf3bc10f779f48",
    "https://deno.land/x/deno_graph@0.6.0/lib/deno_graph.generated.js": "3e1cccd6376d4ad0ea789d66aa0f6b19f737fa8da37b5e6185ef5c269c974f54",
    "https://deno.land/x/deno_graph@0.6.0/lib/loader.ts": "13a11c1dea0d85e0ad211be77217b8c06138bbb916afef6f50a04cca415084a9",
    "https://deno.land/x/deno_graph@0.6.0/lib/media_type.ts": "36be751aa63d6ae36475b90dca5fae8fd7c3a77cf13684c48cf23a85ee607b31",
    "https://deno.land/x/deno_graph@0.6.0/lib/snippets/deno_graph-1c138d6136337537/src/deno_apis.js": "f13f2678d875372cf8489ceb7124623a39fa5bf8de8ee1ec722dbb2ec5ec7845",
    "https://deno.land/x/deno_graph@0.6.0/lib/types.d.ts": "68cb232e02a984658b40ffaf6cafb979a06fbfdce7f5bd4c7a83ed1a32a07687",
    "https://deno.land/x/deno_graph@0.6.0/mod.ts": "8fe3d39bdcb273adfb41a0bafbbaabec4c6fe6c611b47fed8f46f218edb37e8e",
    "https://deno.land/x/dnt@0.31.0/lib/compiler.ts": "66312edd9d2544b6bc11dd0e9a615c6d0bf1beed7c9f9851521788009a9c04c9",
    "https://deno.land/x/dnt@0.31.0/lib/compiler_transforms.ts": "316c24175fe6a5d7ac6bb1dd44d14ef8010ea5773a3ac918db4d64f986402d8b",
    "https://deno.land/x/dnt@0.31.0/lib/mod.deps.ts": "ab9c978aefd41d279e7cb6b540e0d874c2f6a8a97228bbcaa8d69e2e57956ef5",
    "https://deno.land/x/dnt@0.31.0/lib/npm_ignore.ts": "ec1a4ca32c5c652c931635632c8fe0e5c8d6c20ab33518a3038fde9163f6da95",
    "https://deno.land/x/dnt@0.31.0/lib/package_json.ts": "c4fe0f157508ccf46cc2876c104345bba9012a6793c66142dffaf18c9ca72daa",
    "https://deno.land/x/dnt@0.31.0/lib/pkg/dnt_wasm.generated.js": "154c30397dcbed6879b8d12eddf6611b2d57ef88eb4dc955c0f3b8c6bf13c9c8",
    "https://deno.land/x/dnt@0.31.0/lib/pkg/snippets/dnt-wasm-a15ef721fa5290c5/helpers.js": "2f623f83602d4fbb30caa63444b10e35b45e9c2b267e49585ec9bb790a4888d8",
    "https://deno.land/x/dnt@0.31.0/lib/shims.ts": "2649c730625c7f231de32120bdb8f237b26f44910b253cabe2ec60e6421b7656",
    "https://deno.land/x/dnt@0.31.0/lib/test_runner/get_test_runner_code.ts": "b3682b1a34fc39840dd765e993523efdc97e004186c631de6a2d1c6cec3ebe45",
    "https://deno.land/x/dnt@0.31.0/lib/test_runner/test_runner.ts": "424589c9db2d5bbcb5c37190fe2676c9a9239e5a6ae8c4c4c22294e376b5de6d",
    "https://deno.land/x/dnt@0.31.0/lib/transform.deps.ts": "c0c3cb56f4dbda74aa6f58d9ae9e8d870accc8d41647396f2634b0a14027b393",
    "https://deno.land/x/dnt@0.31.0/lib/types.ts": "8506b5ced3921a6ac2a1d5a2bb381bfdbf818c68207f14a1a1fffbf48ee95886",
    "https://deno.land/x/dnt@0.31.0/lib/utils.ts": "d2681d634dfa6bd4ad2a32ad15bd419f6f1f895e06c0bf479455fbf1c5f49cd9",
    "https://deno.land/x/dnt@0.31.0/mod.ts": "837d24f488fb2f80d4ec6882e85ca0bd41bcb351d23b44132d3840ef2eff8069",
    "https://deno.land/x/dnt@0.31.0/transform.ts": "a5f81749ecc145af0730e348d5bb3b9b9c7b922822453561feecbdb0d5462b34",
    "https://deno.land/x/encodeurl@1.0.0/mod.ts": "b797af240fd3c4b3876b3f32b8c2404601e5503c4a10afa719e54815056685d8",
    "https://deno.land/x/sleep@v1.2.1/mod.ts": "f2d3c9e1ef1fb2852f580f6960384bed36bc18a2da357c35f11a089fcca44273",
    "https://deno.land/x/sleep@v1.2.1/sleep.ts": "2426efe5d3ce5de0b8af08bd36a8700deb5dc60e752f5f8f05d5e815a7e8cb0e",
    "https://deno.land/x/ts_morph@15.1.0/bootstrap/mod.ts": "b53aad517f106c4079971fcd4a81ab79fadc40b50061a3ab2b741a09119d51e9",
    "https://deno.land/x/ts_morph@15.1.0/bootstrap/ts_morph_bootstrap.d.ts": "2be47f54ceb6ef524ed0e2e9f80776d93276a1edadfa2191680927dadd3ccd76",
    "https://deno.land/x/ts_morph@15.1.0/bootstrap/ts_morph_bootstrap.js": "e0d65e4c209038948221437bad543df2092c93f76ab76c60eb203e9f108a793a",
    "https://deno.land/x/ts_morph@15.1.0/common/DenoRuntime.ts": "669067e3f7235d554c7dcf9ec4f115b68ad8144488d99cfd04ea8c80461d9215",
    "https://deno.land/x/ts_morph@15.1.0/common/mod.ts": "01985d2ee7da8d1caee318a9d07664774fbee4e31602bc2bb6bb62c3489555ed",
    "https://deno.land/x/ts_morph@15.1.0/common/ts_morph_common.d.ts": "f0099d5cc0c87ace014a72307c90c388bcfb2b4a4986af03b2b5ec5b92e28387",
    "https://deno.land/x/ts_morph@15.1.0/common/ts_morph_common.js": "e43476019b9c74ca9116eb82b97a14e6bc2d1bba55b0575d933d98069c0c0c37",
    "https://deno.land/x/ts_morph@15.1.0/common/typescript.d.ts": "3fa86a2c33804b6a4221dda3714a6a2f8a2f26983ea6c63d2bf6f2839fbb778a",
    "https://deno.land/x/ts_morph@15.1.0/common/typescript.js": "4d7a5d2090a2ba739c02207bd8c49a60c9475dea7725a9cabfaf0f26cbf85f53",
    "https://esm.sh/misskey-js@0.0.14": "5e3c363b89efed464a58416f3be2cb9699cec68b44671a550e0318b7aa8a9aa3",
    "https://esm.sh/v97/autobind-decorator@2.4.0/deno/autobind-decorator.js": "c010a92eaad5c033a49c9cf5cda41aae09f7277188941676f579eaa5dc6a4c26",
    "https://esm.sh/v97/eventemitter3@4.0.7/deno/eventemitter3.js": "a283bba29405b85b408ee000a898e3fb131d679d5660a051fa696100f8f1cbd7",
    "https://esm.sh/v97/eventemitter3@4.0.7/index.d.ts": "b80c780c52524beb13488942543972c8b0e54400e8b59cee0169f38d0fabb968",
    "https://esm.sh/v97/misskey-js@0.0.14/built/acct.d.ts": "bad16ca622fb7f4db1ee8bafc0d8c06642d42cf851e1fc98901e01bcc34b8eac",
    "https://esm.sh/v97/misskey-js@0.0.14/built/api.d.ts": "361af772ee877ec717f58d70ad534a3b5e069b2b9611cafca2f074b3aa9dff3a",
    "https://esm.sh/v97/misskey-js@0.0.14/built/api.types.d.ts": "2f0874dc760136e35a8d1d7a25ce19da3a100ab29d804fbf2bc4e7a5d94d8d0a",
    "https://esm.sh/v97/misskey-js@0.0.14/built/entities.d.ts": "d855108afe96be1854b917520402877f1842afb2e5cf3c9b635d90ccc0707e50",
    "https://esm.sh/v97/misskey-js@0.0.14/built/index.d.ts": "5e5197bba50724a43145151aae5a7ea54654016805e09cc480a6e131944503fb",
    "https://esm.sh/v97/misskey-js@0.0.14/built/streaming.d.ts": "77e5c4194cba5c7c9c46a7e8a6a2f9608104035594b27b46d6d1eb9a74e6a235",
    "https://esm.sh/v97/misskey-js@0.0.14/built/streaming.types.d.ts": "fc69eb93133da8a0df68fa7064105e12634ca7c287743e092917ebe9c4af84bf",
    "https://esm.sh/v97/misskey-js@0.0.14/deno/misskey-js.js": "006fd4b33713a7178d7ecf1f077ffa53db9727d4ad2c04a126911395b9dffa26",
    "https://esm.sh/v97/reconnecting-websocket@4.4.0/deno/reconnecting-websocket.js": "bf6f7b739540eebabb6d548ceaf58787bf6feb003dffd53d56c3c24215bcfc32"
  },
  "npm": {
    "specifiers": { "misskey-js": "misskey-js@0.0.14", "uuid": "uuid@9.0.0" },
    "packages": {
      "autobind-decorator@2.4.0": {
        "integrity": "sha512-OGYhWUO72V6DafbF8PM8rm3EPbfuyMZcJhtm5/n26IDwO18pohE4eNazLoCGhPiXOCD0gEGmrbU3849QvM8bbw==",
        "dependencies": {}
      },
      "eventemitter3@4.0.7": {
        "integrity": "sha512-8guHBZCwKnFhYdHr2ysuRWErTwhoN2X8XELRlrRwpmfeY2jjuUN4taQMsULKUVo1K4DvZl+0pgfyoysHxvmvEw==",
        "dependencies": {}
      },
      "misskey-js@0.0.14": {
        "integrity": "sha512-bvLx6U3OwQwqHfp/WKwIVwdvNYAAPk0+YblXyxmSG3dwlzCgBRRLcB8o6bNruUDyJgh3t73pLDcOz3myxcUmww==",
        "dependencies": {
          "autobind-decorator": "autobind-decorator@2.4.0",
          "eventemitter3": "eventemitter3@4.0.7",
          "reconnecting-websocket": "reconnecting-websocket@4.4.0"
        }
      },
      "reconnecting-websocket@4.4.0": {
        "integrity": "sha512-D2E33ceRPga0NvTDhJmphEgJ7FUYF0v4lr1ki0csq06OdlxKfugGzN0dSkxM/NfqCxYELK4KcaTOUOjTV6Dcng==",
        "dependencies": {}
      },
      "uuid@9.0.0": {
        "integrity": "sha512-MXcSTerfPa4uqyzStbRoTgt5XIe3x5+42+q1sDuy3R5MDk66URdLMOZe5aPX/SQd+kuYAh0FdP/pO28IkQyTeg==",
        "dependencies": {}
      }
    }
  }
}
